
Microsoft Visual Studio Solution File, Format Version 12.00
# Visual Studio 15
Project("{FAE04EC0-301F-11D3-BF4B-00C04F79EFBC}") = "asset-store-tools-editor", "asset-store-tools-editor.csproj", "{BD1E4F1D-54FB-C1AD-0466-64DA9B5073F3}"
EndProject
Project("{FAE04EC0-301F-11D3-BF4B-00C04F79EFBC}") = "Gasimo.Subtitler.Timeline", "Gasimo.Subtitler.Timeline.csproj", "{471D7254-F75A-02D6-DE99-C00BF62A223E}"
EndProject
Project("{FAE04EC0-301F-11D3-BF4B-00C04F79EFBC}") = "Gasimo.Subtitler", "Gasimo.Subtitler.csproj", "{26213318-7EBF-08C7-0095-FE6BB8B05C0C}"
EndProject
Project("{FAE04EC0-301F-11D3-BF4B-00C04F79EFBC}") = "DOTween.Modules", "DOTween.Modules.csproj", "{F7EFFD39-AE8C-F0FC-9C42-98B3F20CD4AD}"
EndProject
Project("{FAE04EC0-301F-11D3-BF4B-00C04F79EFBC}") = "Assembly-CSharp-Editor", "Assembly-CSharp-Editor.csproj", "{B6AB7F09-67A5-20E6-1689-FBF31EF580A1}"
EndProject
Project("{FAE04EC0-301F-11D3-BF4B-00C04F79EFBC}") = "Assembly-CSharp", "Assembly-CSharp.csproj", "{638EC3E4-BE42-8004-DDD5-D4E66E7FB5A0}"
EndProject
Global
	GlobalSection(SolutionConfigurationPlatforms) = preSolution
		Debug|Any CPU = Debug|Any CPU
		Release|Any CPU = Release|Any CPU
	EndGlobalSection
	GlobalSection(ProjectConfigurationPlatforms) = postSolution
		{BD1E4F1D-54FB-C1AD-0466-64DA9B5073F3}.Debug|Any CPU.ActiveCfg = Debug|Any CPU
		{BD1E4F1D-54FB-C1AD-0466-64DA9B5073F3}.Debug|Any CPU.Build.0 = Debug|Any CPU
		{BD1E4F1D-54FB-C1AD-0466-64DA9B5073F3}.Release|Any CPU.ActiveCfg = Release|Any CPU
		{BD1E4F1D-54FB-C1AD-0466-64DA9B5073F3}.Release|Any CPU.Build.0 = Release|Any CPU
		{471D7254-F75A-02D6-DE99-C00BF62A223E}.Debug|Any CPU.ActiveCfg = Debug|Any CPU
		{471D7254-F75A-02D6-DE99-C00BF62A223E}.Debug|Any CPU.Build.0 = Debug|Any CPU
		{471D7254-F75A-02D6-DE99-C00BF62A223E}.Release|Any CPU.ActiveCfg = Release|Any CPU
		{471D7254-F75A-02D6-DE99-C00BF62A223E}.Release|Any CPU.Build.0 = Release|Any CPU
		{26213318-7EBF-08C7-0095-FE6BB8B05C0C}.Debug|Any CPU.ActiveCfg = Debug|Any CPU
		{26213318-7EBF-08C7-0095-FE6BB8B05C0C}.Debug|Any CPU.Build.0 = Debug|Any CPU
		{26213318-7EBF-08C7-0095-FE6BB8B05C0C}.Release|Any CPU.ActiveCfg = Release|Any CPU
		{26213318-7EBF-08C7-0095-FE6BB8B05C0C}.Release|Any CPU.Build.0 = Release|Any CPU
		{F7EFFD39-AE8C-F0FC-9C42-98B3F20CD4AD}.Debug|Any CPU.ActiveCfg = Debug|Any CPU
		{F7EFFD39-AE8C-F0FC-9C42-98B3F20CD4AD}.Debug|Any CPU.Build.0 = Debug|Any CPU
		{F7EFFD39-AE8C-F0FC-9C42-98B3F20CD4AD}.Release|Any CPU.ActiveCfg = Release|Any CPU
		{F7EFFD39-AE8C-F0FC-9C42-98B3F20CD4AD}.Release|Any CPU.Build.0 = Release|Any CPU
		{B6AB7F09-67A5-20E6-1689-FBF31EF580A1}.Debug|Any CPU.ActiveCfg = Debug|Any CPU
		{B6AB7F09-67A5-20E6-1689-FBF31EF580A1}.Debug|Any CPU.Build.0 = Debug|Any CPU
		{B6AB7F09-67A5-20E6-1689-FBF31EF580A1}.Release|Any CPU.ActiveCfg = Release|Any CPU
		{B6AB7F09-67A5-20E6-1689-FBF31EF580A1}.Release|Any CPU.Build.0 = Release|Any CPU
		{638EC3E4-BE42-8004-DDD5-D4E66E7FB5A0}.Debug|Any CPU.ActiveCfg = Debug|Any CPU
		{638EC3E4-BE42-8004-DDD5-D4E66E7FB5A0}.Debug|Any CPU.Build.0 = Debug|Any CPU
		{638EC3E4-BE42-8004-DDD5-D4E66E7FB5A0}.Release|Any CPU.ActiveCfg = Release|Any CPU
		{638EC3E4-BE42-8004-DDD5-D4E66E7FB5A0}.Release|Any CPU.Build.0 = Release|Any CPU
	EndGlobalSection
	GlobalSection(SolutionProperties) = preSolution
		HideSolutionNode = FALSE
	EndGlobalSection
EndGlobal
